
Microsoft Visual Studio Solution File, Format Version 12.00
# Visual Studio Version 17
VisualStudioVersion = 17.2.32602.215
MinimumVisualStudioVersion = 10.0.40219.1
Project("{FAE04EC0-301F-11D3-BF4B-00C04F79EFBC}") = "Tarea2PM2.Android", "Tarea2PM2.Android\Tarea2PM2.Android.csproj", "{054C902F-8FC6-4E07-B059-259BA49312EC}"
EndProject
Project("{FAE04EC0-301F-11D3-BF4B-00C04F79EFBC}") = "Tarea2PM2", "Tarea2PM2\Tarea2PM2.csproj", "{B3FA1B19-EBBB-473C-BEA7-2EC8E7667B70}"
EndProject
Global
	GlobalSection(SolutionConfigurationPlatforms) = preSolution
		Debug|Any CPU = Debug|Any CPU
		Release|Any CPU = Release|Any CPU
	EndGlobalSection
	GlobalSection(ProjectConfigurationPlatforms) = postSolution
		{054C902F-8FC6-4E07-B059-259BA49312EC}.Debug|Any CPU.ActiveCfg = Debug|Any CPU
		{054C902F-8FC6-4E07-B059-259BA49312EC}.Debug|Any CPU.Build.0 = Debug|Any CPU
		{054C902F-8FC6-4E07-B059-259BA49312EC}.Debug|Any CPU.Deploy.0 = Debug|Any CPU
		{054C902F-8FC6-4E07-B059-259BA49312EC}.Release|Any CPU.ActiveCfg = Release|Any CPU
		{054C902F-8FC6-4E07-B059-259BA49312EC}.Release|Any CPU.Build.0 = Release|Any CPU
		{054C902F-8FC6-4E07-B059-259BA49312EC}.Release|Any CPU.Deploy.0 = Release|Any CPU
		{B3FA1B19-EBBB-473C-BEA7-2EC8E7667B70}.Debug|Any CPU.ActiveCfg = Debug|Any CPU
		{B3FA1B19-EBBB-473C-BEA7-2EC8E7667B70}.Debug|Any CPU.Build.0 = Debug|Any CPU
		{B3FA1B19-EBBB-473C-BEA7-2EC8E7667B70}.Debug|Any CPU.Deploy.0 = Debug|Any CPU
		{B3FA1B19-EBBB-473C-BEA7-2EC8E7667B70}.Release|Any CPU.ActiveCfg = Release|Any CPU
		{B3FA1B19-EBBB-473C-BEA7-2EC8E7667B70}.Release|Any CPU.Build.0 = Release|Any CPU
		{B3FA1B19-EBBB-473C-BEA7-2EC8E7667B70}.Release|Any CPU.Deploy.0 = Release|Any CPU
	EndGlobalSection
	GlobalSection(SolutionProperties) = preSolution
		HideSolutionNode = FALSE
	EndGlobalSection
	GlobalSection(ExtensibilityGlobals) = postSolution
		SolutionGuid = {5791138E-CB35-4668-992C-6E4FCB4198A3}
	EndGlobalSection
EndGlobal
